
Microsoft Visual Studio Solution File, Format Version 12.00
# Visual Studio Version 16
VisualStudioVersion = 16.0.31702.278
MinimumVisualStudioVersion = 10.0.40219.1
Project("{2150E333-8FDC-42A3-9474-1A3956D46DE8}") = "Services", "Services", "{A0F58C9E-7558-43D1-94FA-9D23EBE73EA4}"
EndProject
Project("{2150E333-8FDC-42A3-9474-1A3956D46DE8}") = "Catalog", "Catalog", "{4FB3D4E9-59EC-4BEE-B41E-9AD9721FA384}"
EndProject
Project("{E53339B2-1760-4266-BCC7-CA923CBCF16C}") = "docker-compose", "docker-compose.dcproj", "{2752F9BC-AD87-42BF-8614-8DB315AB30BB}"
EndProject
Project("{2150E333-8FDC-42A3-9474-1A3956D46DE8}") = "Basket", "Basket", "{5A139873-BF04-402F-9424-EA599C6E3D7B}"
EndProject
Project("{FAE04EC0-301F-11D3-BF4B-00C04F79EFBC}") = "Basket.API", "Services\Basket\Basket.API\Basket.API.csproj", "{2C08436D-00FE-4711-B110-85BA3D9519FE}"
EndProject
Project("{FAE04EC0-301F-11D3-BF4B-00C04F79EFBC}") = "Catalog.API", "Services\Catalog\Catalog.API\Catalog.API.csproj", "{30A92867-243C-435B-AE87-F0EEDED1B566}"
EndProject
Project("{2150E333-8FDC-42A3-9474-1A3956D46DE8}") = "Discount", "Discount", "{49AB5FB4-7F61-4CBE-A420-7D42B8D17B90}"
EndProject
Project("{FAE04EC0-301F-11D3-BF4B-00C04F79EFBC}") = "Discount.API", "Services\Discount\Discount.API\Discount.API.csproj", "{3DD67ABA-DDF4-46A6-ABE5-A988F77B0512}"
EndProject
Project("{FAE04EC0-301F-11D3-BF4B-00C04F79EFBC}") = "Discount.Grpc", "Services\Discount\Discount.Grpc\Discount.Grpc\Discount.Grpc.csproj", "{4708393F-8D77-4946-9998-1BE5C8FA082E}"
EndProject
Project("{2150E333-8FDC-42A3-9474-1A3956D46DE8}") = "Ordering", "Ordering", "{AA77F660-3FB9-4692-BC75-8C3D5BAC740A}"
EndProject
Project("{FAE04EC0-301F-11D3-BF4B-00C04F79EFBC}") = "Ordering.API", "Services\Ordering\Ordering.API\Ordering.API.csproj", "{B6B79205-ACFE-44DA-87BB-5C4BF035200B}"
EndProject
Project("{FAE04EC0-301F-11D3-BF4B-00C04F79EFBC}") = "Ordering.Domain", "Services\Ordering\Ordering.Domain\Ordering.Domain.csproj", "{7BDBE2FE-0BFB-4C6F-BB2A-2B7EED8CAB13}"
EndProject
Project("{FAE04EC0-301F-11D3-BF4B-00C04F79EFBC}") = "Ordering.Application", "Services\Ordering\Ordering.Application\Ordering.Application.csproj", "{721ABD86-AFA9-48D2-9170-294B22D2A8C9}"
EndProject
Project("{FAE04EC0-301F-11D3-BF4B-00C04F79EFBC}") = "Ordering.Infrastructure", "Services\Ordering\Ordering.Infrastructure\Ordering.Infrastructure.csproj", "{CD04AA69-5B39-48E5-8047-98475CB9D1D9}"
EndProject
Project("{2150E333-8FDC-42A3-9474-1A3956D46DE8}") = "BuildingBlocks", "BuildingBlocks", "{A306A0D1-7B86-42E1-ACA5-ED1FF508BF98}"
EndProject
Project("{FAE04EC0-301F-11D3-BF4B-00C04F79EFBC}") = "EventBus.Messages", "BuildingBlocks\EventBus.Messages\EventBus.Messages.csproj", "{A7D36DDB-B030-4024-8C3B-477006E86CB6}"
EndProject
Project("{2150E333-8FDC-42A3-9474-1A3956D46DE8}") = "ApiGateways", "ApiGateways", "{5D4B4B93-B478-480B-A75E-421FCA467A20}"
EndProject
Project("{FAE04EC0-301F-11D3-BF4B-00C04F79EFBC}") = "OcelotApiGw", "ApiGateways\OcelotApiGw\OcelotApiGw.csproj", "{72D1C5E9-45F6-43E1-918E-32C2666FE288}"
EndProject
Project("{FAE04EC0-301F-11D3-BF4B-00C04F79EFBC}") = "Shopping.Aggregator", "ApiGateways\Shopping.Aggregator\Shopping.Aggregator.csproj", "{621E8173-D82B-4166-80FD-2B1F257C4EA8}"
EndProject
Global
	GlobalSection(SolutionConfigurationPlatforms) = preSolution
		Debug|Any CPU = Debug|Any CPU
		Release|Any CPU = Release|Any CPU
	EndGlobalSection
	GlobalSection(ProjectConfigurationPlatforms) = postSolution
		{2752F9BC-AD87-42BF-8614-8DB315AB30BB}.Debug|Any CPU.ActiveCfg = Debug|Any CPU
		{2752F9BC-AD87-42BF-8614-8DB315AB30BB}.Debug|Any CPU.Build.0 = Debug|Any CPU
		{2752F9BC-AD87-42BF-8614-8DB315AB30BB}.Release|Any CPU.ActiveCfg = Release|Any CPU
		{2752F9BC-AD87-42BF-8614-8DB315AB30BB}.Release|Any CPU.Build.0 = Release|Any CPU
		{2C08436D-00FE-4711-B110-85BA3D9519FE}.Debug|Any CPU.ActiveCfg = Debug|Any CPU
		{2C08436D-00FE-4711-B110-85BA3D9519FE}.Debug|Any CPU.Build.0 = Debug|Any CPU
		{2C08436D-00FE-4711-B110-85BA3D9519FE}.Release|Any CPU.ActiveCfg = Release|Any CPU
		{2C08436D-00FE-4711-B110-85BA3D9519FE}.Release|Any CPU.Build.0 = Release|Any CPU
		{30A92867-243C-435B-AE87-F0EEDED1B566}.Debug|Any CPU.ActiveCfg = Debug|Any CPU
		{30A92867-243C-435B-AE87-F0EEDED1B566}.Debug|Any CPU.Build.0 = Debug|Any CPU
		{30A92867-243C-435B-AE87-F0EEDED1B566}.Release|Any CPU.ActiveCfg = Release|Any CPU
		{30A92867-243C-435B-AE87-F0EEDED1B566}.Release|Any CPU.Build.0 = Release|Any CPU
		{3DD67ABA-DDF4-46A6-ABE5-A988F77B0512}.Debug|Any CPU.ActiveCfg = Debug|Any CPU
		{3DD67ABA-DDF4-46A6-ABE5-A988F77B0512}.Debug|Any CPU.Build.0 = Debug|Any CPU
		{3DD67ABA-DDF4-46A6-ABE5-A988F77B0512}.Release|Any CPU.ActiveCfg = Release|Any CPU
		{3DD67ABA-DDF4-46A6-ABE5-A988F77B0512}.Release|Any CPU.Build.0 = Release|Any CPU
		{4708393F-8D77-4946-9998-1BE5C8FA082E}.Debug|Any CPU.ActiveCfg = Debug|Any CPU
		{4708393F-8D77-4946-9998-1BE5C8FA082E}.Debug|Any CPU.Build.0 = Debug|Any CPU
		{4708393F-8D77-4946-9998-1BE5C8FA082E}.Release|Any CPU.ActiveCfg = Release|Any CPU
		{4708393F-8D77-4946-9998-1BE5C8FA082E}.Release|Any CPU.Build.0 = Release|Any CPU
		{B6B79205-ACFE-44DA-87BB-5C4BF035200B}.Debug|Any CPU.ActiveCfg = Debug|Any CPU
		{B6B79205-ACFE-44DA-87BB-5C4BF035200B}.Debug|Any CPU.Build.0 = Debug|Any CPU
		{B6B79205-ACFE-44DA-87BB-5C4BF035200B}.Release|Any CPU.ActiveCfg = Release|Any CPU
		{B6B79205-ACFE-44DA-87BB-5C4BF035200B}.Release|Any CPU.Build.0 = Release|Any CPU
		{7BDBE2FE-0BFB-4C6F-BB2A-2B7EED8CAB13}.Debug|Any CPU.ActiveCfg = Debug|Any CPU
		{7BDBE2FE-0BFB-4C6F-BB2A-2B7EED8CAB13}.Debug|Any CPU.Build.0 = Debug|Any CPU
		{7BDBE2FE-0BFB-4C6F-BB2A-2B7EED8CAB13}.Release|Any CPU.ActiveCfg = Release|Any CPU
		{7BDBE2FE-0BFB-4C6F-BB2A-2B7EED8CAB13}.Release|Any CPU.Build.0 = Release|Any CPU
		{721ABD86-AFA9-48D2-9170-294B22D2A8C9}.Debug|Any CPU.ActiveCfg = Debug|Any CPU
		{721ABD86-AFA9-48D2-9170-294B22D2A8C9}.Debug|Any CPU.Build.0 = Debug|Any CPU
		{721ABD86-AFA9-48D2-9170-294B22D2A8C9}.Release|Any CPU.ActiveCfg = Release|Any CPU
		{721ABD86-AFA9-48D2-9170-294B22D2A8C9}.Release|Any CPU.Build.0 = Release|Any CPU
		{CD04AA69-5B39-48E5-8047-98475CB9D1D9}.Debug|Any CPU.ActiveCfg = Debug|Any CPU
		{CD04AA69-5B39-48E5-8047-98475CB9D1D9}.Debug|Any CPU.Build.0 = Debug|Any CPU
		{CD04AA69-5B39-48E5-8047-98475CB9D1D9}.Release|Any CPU.ActiveCfg = Release|Any CPU
		{CD04AA69-5B39-48E5-8047-98475CB9D1D9}.Release|Any CPU.Build.0 = Release|Any CPU
		{A7D36DDB-B030-4024-8C3B-477006E86CB6}.Debug|Any CPU.ActiveCfg = Debug|Any CPU
		{A7D36DDB-B030-4024-8C3B-477006E86CB6}.Debug|Any CPU.Build.0 = Debug|Any CPU
		{A7D36DDB-B030-4024-8C3B-477006E86CB6}.Release|Any CPU.ActiveCfg = Release|Any CPU
		{A7D36DDB-B030-4024-8C3B-477006E86CB6}.Release|Any CPU.Build.0 = Release|Any CPU
		{72D1C5E9-45F6-43E1-918E-32C2666FE288}.Debug|Any CPU.ActiveCfg = Debug|Any CPU
		{72D1C5E9-45F6-43E1-918E-32C2666FE288}.Debug|Any CPU.Build.0 = Debug|Any CPU
		{72D1C5E9-45F6-43E1-918E-32C2666FE288}.Release|Any CPU.ActiveCfg = Release|Any CPU
		{72D1C5E9-45F6-43E1-918E-32C2666FE288}.Release|Any CPU.Build.0 = Release|Any CPU
		{621E8173-D82B-4166-80FD-2B1F257C4EA8}.Debug|Any CPU.ActiveCfg = Debug|Any CPU
		{621E8173-D82B-4166-80FD-2B1F257C4EA8}.Debug|Any CPU.Build.0 = Debug|Any CPU
		{621E8173-D82B-4166-80FD-2B1F257C4EA8}.Release|Any CPU.ActiveCfg = Release|Any CPU
		{621E8173-D82B-4166-80FD-2B1F257C4EA8}.Release|Any CPU.Build.0 = Release|Any CPU
	EndGlobalSection
	GlobalSection(SolutionProperties) = preSolution
		HideSolutionNode = FALSE
	EndGlobalSection
	GlobalSection(NestedProjects) = preSolution
		{4FB3D4E9-59EC-4BEE-B41E-9AD9721FA384} = {A0F58C9E-7558-43D1-94FA-9D23EBE73EA4}
		{5A139873-BF04-402F-9424-EA599C6E3D7B} = {A0F58C9E-7558-43D1-94FA-9D23EBE73EA4}
		{2C08436D-00FE-4711-B110-85BA3D9519FE} = {5A139873-BF04-402F-9424-EA599C6E3D7B}
		{30A92867-243C-435B-AE87-F0EEDED1B566} = {4FB3D4E9-59EC-4BEE-B41E-9AD9721FA384}
		{49AB5FB4-7F61-4CBE-A420-7D42B8D17B90} = {A0F58C9E-7558-43D1-94FA-9D23EBE73EA4}
		{3DD67ABA-DDF4-46A6-ABE5-A988F77B0512} = {49AB5FB4-7F61-4CBE-A420-7D42B8D17B90}
		{4708393F-8D77-4946-9998-1BE5C8FA082E} = {49AB5FB4-7F61-4CBE-A420-7D42B8D17B90}
		{AA77F660-3FB9-4692-BC75-8C3D5BAC740A} = {A0F58C9E-7558-43D1-94FA-9D23EBE73EA4}
		{B6B79205-ACFE-44DA-87BB-5C4BF035200B} = {AA77F660-3FB9-4692-BC75-8C3D5BAC740A}
		{7BDBE2FE-0BFB-4C6F-BB2A-2B7EED8CAB13} = {AA77F660-3FB9-4692-BC75-8C3D5BAC740A}
		{721ABD86-AFA9-48D2-9170-294B22D2A8C9} = {AA77F660-3FB9-4692-BC75-8C3D5BAC740A}
		{CD04AA69-5B39-48E5-8047-98475CB9D1D9} = {AA77F660-3FB9-4692-BC75-8C3D5BAC740A}
		{A7D36DDB-B030-4024-8C3B-477006E86CB6} = {A306A0D1-7B86-42E1-ACA5-ED1FF508BF98}
		{72D1C5E9-45F6-43E1-918E-32C2666FE288} = {5D4B4B93-B478-480B-A75E-421FCA467A20}
		{621E8173-D82B-4166-80FD-2B1F257C4EA8} = {5D4B4B93-B478-480B-A75E-421FCA467A20}
	EndGlobalSection
	GlobalSection(ExtensibilityGlobals) = postSolution
		SolutionGuid = {4D5E574C-AF45-4730-A33D-A8149FE3AB89}
	EndGlobalSection
EndGlobal
