
Microsoft Visual Studio Solution File, Format Version 12.00
# Visual Studio Version 16
VisualStudioVersion = 16.0.31702.278
MinimumVisualStudioVersion = 10.0.40219.1
Project("{2150E333-8FDC-42A3-9474-1A3956D46DE8}") = "Services", "Services", "{A0F58C9E-7558-43D1-94FA-9D23EBE73EA4}"
EndProject
Project("{2150E333-8FDC-42A3-9474-1A3956D46DE8}") = "Catalog", "Catalog", "{4FB3D4E9-59EC-4BEE-B41E-9AD9721FA384}"
EndProject
Project("{E53339B2-1760-4266-BCC7-CA923CBCF16C}") = "docker-compose", "docker-compose.dcproj", "{2752F9BC-AD87-42BF-8614-8DB315AB30BB}"
EndProject
Project("{2150E333-8FDC-42A3-9474-1A3956D46DE8}") = "Basket", "Basket", "{5A139873-BF04-402F-9424-EA599C6E3D7B}"
EndProject
Project("{FAE04EC0-301F-11D3-BF4B-00C04F79EFBC}") = "Basket.API", "Services\Basket\Basket.API\Basket.API.csproj", "{2C08436D-00FE-4711-B110-85BA3D9519FE}"
EndProject
Project("{FAE04EC0-301F-11D3-BF4B-00C04F79EFBC}") = "Catalog.API", "Services\Catalog\Catalog.API\Catalog.API.csproj", "{30A92867-243C-435B-AE87-F0EEDED1B566}"
EndProject
Global
	GlobalSection(SolutionConfigurationPlatforms) = preSolution
		Debug|Any CPU = Debug|Any CPU
		Release|Any CPU = Release|Any CPU
	EndGlobalSection
	GlobalSection(ProjectConfigurationPlatforms) = postSolution
		{2752F9BC-AD87-42BF-8614-8DB315AB30BB}.Debug|Any CPU.ActiveCfg = Debug|Any CPU
		{2752F9BC-AD87-42BF-8614-8DB315AB30BB}.Debug|Any CPU.Build.0 = Debug|Any CPU
		{2752F9BC-AD87-42BF-8614-8DB315AB30BB}.Release|Any CPU.ActiveCfg = Release|Any CPU
		{2752F9BC-AD87-42BF-8614-8DB315AB30BB}.Release|Any CPU.Build.0 = Release|Any CPU
		{2C08436D-00FE-4711-B110-85BA3D9519FE}.Debug|Any CPU.ActiveCfg = Debug|Any CPU
		{2C08436D-00FE-4711-B110-85BA3D9519FE}.Debug|Any CPU.Build.0 = Debug|Any CPU
		{2C08436D-00FE-4711-B110-85BA3D9519FE}.Release|Any CPU.ActiveCfg = Release|Any CPU
		{2C08436D-00FE-4711-B110-85BA3D9519FE}.Release|Any CPU.Build.0 = Release|Any CPU
		{30A92867-243C-435B-AE87-F0EEDED1B566}.Debug|Any CPU.ActiveCfg = Debug|Any CPU
		{30A92867-243C-435B-AE87-F0EEDED1B566}.Debug|Any CPU.Build.0 = Debug|Any CPU
		{30A92867-243C-435B-AE87-F0EEDED1B566}.Release|Any CPU.ActiveCfg = Release|Any CPU
		{30A92867-243C-435B-AE87-F0EEDED1B566}.Release|Any CPU.Build.0 = Release|Any CPU
	EndGlobalSection
	GlobalSection(SolutionProperties) = preSolution
		HideSolutionNode = FALSE
	EndGlobalSection
	GlobalSection(NestedProjects) = preSolution
		{4FB3D4E9-59EC-4BEE-B41E-9AD9721FA384} = {A0F58C9E-7558-43D1-94FA-9D23EBE73EA4}
		{5A139873-BF04-402F-9424-EA599C6E3D7B} = {A0F58C9E-7558-43D1-94FA-9D23EBE73EA4}
		{2C08436D-00FE-4711-B110-85BA3D9519FE} = {5A139873-BF04-402F-9424-EA599C6E3D7B}
		{30A92867-243C-435B-AE87-F0EEDED1B566} = {4FB3D4E9-59EC-4BEE-B41E-9AD9721FA384}
	EndGlobalSection
	GlobalSection(ExtensibilityGlobals) = postSolution
		SolutionGuid = {4D5E574C-AF45-4730-A33D-A8149FE3AB89}
	EndGlobalSection
EndGlobal
