
Microsoft Visual Studio Solution File, Format Version 12.00
# Visual Studio Version 16
VisualStudioVersion = 16.0.31702.278
MinimumVisualStudioVersion = 10.0.40219.1
Project("{2150E333-8FDC-42A3-9474-1A3956D46DE8}") = "Services", "Services", "{A0F58C9E-7558-43D1-94FA-9D23EBE73EA4}"
EndProject
Project("{2150E333-8FDC-42A3-9474-1A3956D46DE8}") = "Catalog", "Catalog", "{4FB3D4E9-59EC-4BEE-B41E-9AD9721FA384}"
EndProject
Project("{FAE04EC0-301F-11D3-BF4B-00C04F79EFBC}") = "Catalog.API", "Catalog.API\Catalog.API.csproj", "{EBB1F981-2BD6-439F-B995-33475B636589}"
EndProject
Global
	GlobalSection(SolutionConfigurationPlatforms) = preSolution
		Debug|Any CPU = Debug|Any CPU
		Release|Any CPU = Release|Any CPU
	EndGlobalSection
	GlobalSection(ProjectConfigurationPlatforms) = postSolution
		{EBB1F981-2BD6-439F-B995-33475B636589}.Debug|Any CPU.ActiveCfg = Debug|Any CPU
		{EBB1F981-2BD6-439F-B995-33475B636589}.Debug|Any CPU.Build.0 = Debug|Any CPU
		{EBB1F981-2BD6-439F-B995-33475B636589}.Release|Any CPU.ActiveCfg = Release|Any CPU
		{EBB1F981-2BD6-439F-B995-33475B636589}.Release|Any CPU.Build.0 = Release|Any CPU
	EndGlobalSection
	GlobalSection(SolutionProperties) = preSolution
		HideSolutionNode = FALSE
	EndGlobalSection
	GlobalSection(NestedProjects) = preSolution
		{4FB3D4E9-59EC-4BEE-B41E-9AD9721FA384} = {A0F58C9E-7558-43D1-94FA-9D23EBE73EA4}
		{EBB1F981-2BD6-439F-B995-33475B636589} = {4FB3D4E9-59EC-4BEE-B41E-9AD9721FA384}
	EndGlobalSection
	GlobalSection(ExtensibilityGlobals) = postSolution
		SolutionGuid = {4D5E574C-AF45-4730-A33D-A8149FE3AB89}
	EndGlobalSection
EndGlobal
